
Microsoft Visual Studio Solution File, Format Version 12.00
# Visual Studio Version 17
VisualStudioVersion = 17.14.36414.22 d17.14
MinimumVisualStudioVersion = 10.0.40219.1
Project("{FAE04EC0-301F-11D3-BF4B-00C04F79EFBC}") = "Bulls&Cows", "Bulls&Cows\Bulls&Cows.csproj", "{C3BEA514-5CC1-4120-9DF7-F62BD52E1DAD}"
EndProject
Global
	GlobalSection(SolutionConfigurationPlatforms) = preSolution
		Debug|Any CPU = Debug|Any CPU
		Release|Any CPU = Release|Any CPU
	EndGlobalSection
	GlobalSection(ProjectConfigurationPlatforms) = postSolution
		{C3BEA514-5CC1-4120-9DF7-F62BD52E1DAD}.Debug|Any CPU.ActiveCfg = Debug|Any CPU
		{C3BEA514-5CC1-4120-9DF7-F62BD52E1DAD}.Debug|Any CPU.Build.0 = Debug|Any CPU
		{C3BEA514-5CC1-4120-9DF7-F62BD52E1DAD}.Release|Any CPU.ActiveCfg = Release|Any CPU
		{C3BEA514-5CC1-4120-9DF7-F62BD52E1DAD}.Release|Any CPU.Build.0 = Release|Any CPU
	EndGlobalSection
	GlobalSection(SolutionProperties) = preSolution
		HideSolutionNode = FALSE
	EndGlobalSection
	GlobalSection(ExtensibilityGlobals) = postSolution
		SolutionGuid = {01EBAF92-E607-47EE-826C-FD4EB677E4E0}
	EndGlobalSection
EndGlobal
